{
  "name": "@chec/sendgrid-integration",
  "version": "0.1.0",
  "lockfileVersion": 2,
  "requires": true,
  "packages": {
    "": {
      "name": "@chec/sendgrid-integration",
      "version": "0.1.0",
      "license": "Proprietary",
      "dependencies": {
        "@chec/webhook-verifier": "^1.0.1"
      }
    },
    "node_modules/@chec/webhook-verifier": {
      "version": "1.0.1",
      "resolved": "https://registry.npmjs.org/@chec/webhook-verifier/-/webhook-verifier-1.0.1.tgz",
      "integrity": "sha512-8HIrzaHX8fOD9LBGcEnlMG+ns71P8itgveMueRj6GL3F4nHeZNGHXmRvJ4wm0dD8/d8CT8sfZTEb0D/H2O8PMQ=="
    }
  },
  "dependencies": {
    "@chec/webhook-verifier": {
      "version": "1.0.1",
      "resolved": "https://registry.npmjs.org/@chec/webhook-verifier/-/webhook-verifier-1.0.1.tgz",
      "integrity": "sha512-8HIrzaHX8fOD9LBGcEnlMG+ns71P8itgveMueRj6GL3F4nHeZNGHXmRvJ4wm0dD8/d8CT8sfZTEb0D/H2O8PMQ=="
    }
  }
}
